# THIS IS AN AUTOGENERATED FILE. DO NOT EDIT THIS FILE DIRECTLY.
# yarn lockfile v1


axios@^0.19.0:
  version "0.19.0"
  resolved "https://registry.yarnpkg.com/axios/-/axios-0.19.0.tgz#8e09bff3d9122e133f7b8101c8fbdd00ed3d2ab8"
  integrity sha512-1uvKqKQta3KBxIz14F2v06AEHZ/dIoeKfbTRkK1E5oqjDnuEerLmYTgJB5AiQZHJcljpg1TuRzdjDR06qNk0DQ==
  dependencies:
    follow-redirects "1.5.10"
    is-buffer "^2.0.2"

debug@=3.1.0:
  version "3.1.0"
  resolved "https://registry.yarnpkg.com/debug/-/debug-3.1.0.tgz#5bb5a0672628b64149566ba16819e61518c67261"
  integrity sha512-OX8XqP7/1a9cqkxYw2yXss15f26NKWBpDXQd0/uK/KPqdQhxbPa994hnzjcE2VqQpDslf55723cKPUOGSmMY3g==
  dependencies:
    ms "2.0.0"

fake-useragent@^1.0.1:
  version "1.0.1"
  resolved "https://registry.yarnpkg.com/fake-useragent/-/fake-useragent-1.0.1.tgz#ec7a5d93b4a65118fa6f85c68e9ddef5312c381a"
  integrity sha1-7Hpdk7SmURj6b4XGjp3e9TEsOBo=

follow-redirects@1.5.10:
  version "1.5.10"
  resolved "https://registry.yarnpkg.com/follow-redirects/-/follow-redirects-1.5.10.tgz#7b7a9f9aea2fdff36786a94ff643ed07f4ff5e2a"
  integrity sha512-0V5l4Cizzvqt5D44aTXbFZz+FtyXV1vrDN6qrelxtfYQKW0KO0W2T/hkE8xvGa/540LkZlkaUjO4ailYTFtHVQ==
  dependencies:
    debug "=3.1.0"

is-buffer@^2.0.2:
  version "2.0.3"
  resolved "https://registry.yarnpkg.com/is-buffer/-/is-buffer-2.0.3.tgz#4ecf3fcf749cbd1e472689e109ac66261a25e725"
  integrity sha512-U15Q7MXTuZlrbymiz95PJpZxu8IlipAp4dtS3wOdgPXx3mqBnslrWU14kxfHB+Py/+2PVKSr37dMAgM2A4uArw==

is-wsl@^1.1.0:
  version "1.1.0"
  resolved "https://registry.yarnpkg.com/is-wsl/-/is-wsl-1.1.0.tgz#1f16e4aa22b04d1336b66188a66af3c600c3a66d"
  integrity sha1-HxbkqiKwTRM2tmGIpmrzxgDDpm0=

json-to-pretty-yaml@^1.2.2:
  version "1.2.2"
  resolved "https://registry.yarnpkg.com/json-to-pretty-yaml/-/json-to-pretty-yaml-1.2.2.tgz#f4cd0bd0a5e8fe1df25aaf5ba118b099fd992d5b"
  integrity sha1-9M0L0KXo/h3yWq9boRiwmf2ZLVs=
  dependencies:
    remedial "^1.0.7"
    remove-trailing-spaces "^1.0.6"

ms@2.0.0:
  version "2.0.0"
  resolved "https://registry.yarnpkg.com/ms/-/ms-2.0.0.tgz#5608aeadfc00be6c2901df5f9861788de0d597c8"
  integrity sha1-VgiurfwAvmwpAd9fmGF4jeDVl8g=

opn@^6.0.0:
  version "6.0.0"
  resolved "https://registry.yarnpkg.com/opn/-/opn-6.0.0.tgz#3c5b0db676d5f97da1233d1ed42d182bc5a27d2d"
  integrity sha512-I9PKfIZC+e4RXZ/qr1RhgyCnGgYX0UEIlXgWnCOVACIvFgaC9rz6Won7xbdhoHrd8IIhV7YEpHjreNUNkqCGkQ==
  dependencies:
    is-wsl "^1.1.0"

"promise-nodeify@>= 0.1":
  version "3.0.1"
  resolved "https://registry.yarnpkg.com/promise-nodeify/-/promise-nodeify-3.0.1.tgz#f0f5d9720ee9ec71dd2bfa92667be504c10229c2"
  integrity sha512-ghsSuzZXJX8iO7WVec2z7GI+Xk/EyiD+JZK7AZKhUqYfpLa/Zs4ylUD+CwwnKlG6G3HnkUPMAi6PO7zeqGKssg==

"proxying-agent@>= 2.1":
  version "2.2.4"
  resolved "https://registry.yarnpkg.com/proxying-agent/-/proxying-agent-2.2.4.tgz#974a60c5a508db62d7e3abbabeec6424b6fea427"
  integrity sha512-ZAwRkwKNWxmChtLGd6db1+sckTnypbCTj6trBcTrFUnCzE3SApzdDR6fYWE53S8CvXWi0PDEjFxdxXdq2grxQA==

remedial@^1.0.7:
  version "1.0.8"
  resolved "https://registry.yarnpkg.com/remedial/-/remedial-1.0.8.tgz#a5e4fd52a0e4956adbaf62da63a5a46a78c578a0"
  integrity sha512-/62tYiOe6DzS5BqVsNpH/nkGlX45C/Sp6V+NtiN6JQNS1Viay7cWkazmRkrQrdFj2eshDe96SIQNIoMxqhzBOg==

remove-trailing-spaces@^1.0.6:
  version "1.0.7"
  resolved "https://registry.yarnpkg.com/remove-trailing-spaces/-/remove-trailing-spaces-1.0.7.tgz#491f04e11d98880714d12429b0d0938cbe030ae6"
  integrity sha512-wjM17CJ2kk0SgoGyJ7ZMzRRCuTq+V8YhMwpZ5XEWX0uaked2OUq6utvHXGNBQrfkUzUUABFMyxlKn+85hMv4dg==

tinify@^1.6.0-beta.2:
  version "1.6.0-beta.2"
  resolved "https://registry.yarnpkg.com/tinify/-/tinify-1.6.0-beta.2.tgz#5985ca021d11685d846c53ac8465dce78116adfe"
  integrity sha512-jzOtntNLiRRhMN5AlRlxapUhNYVH3YhU2cfk3Xg2u5g+t4ZfdXe97TqYvIl7cyenfXmqo5SCZet7t4alv53XvQ==
  dependencies:
    promise-nodeify ">= 0.1"
    proxying-agent ">= 2.1"
